// !$*UTF8*$!
{
	archiveVersion = 1;
	classes = {
	};
	objectVersion = 46;
	objects = {

/* Begin PBXBuildFile section */
		CC5BA8241BCA98C100E1E8D4 /* music.mp3 in Resources */ = {isa = PBXBuildFile; fileRef = CC5BA8231BCA98C100E1E8D4 /* music.mp3 */; };
		CC5BA8271BCA9A8900E1E8D4 /* speaker_off_32.png in Resources */ = {isa = PBXBuildFile; fileRef = CC5BA8251BCA9A8900E1E8D4 /* speaker_off_32.png */; };
		CC5BA8281BCA9A8900E1E8D4 /* speaker_silent_32.png in Resources */ = {isa = PBXBuildFile; fileRef = CC5BA8261BCA9A8900E1E8D4 /* speaker_silent_32.png */; };
		CCE1FC6D1BC796030082E2B2 /* main.m in Sources */ = {isa = PBXBuildFile; fileRef = CCE1FC6C1BC796030082E2B2 /* main.m */; };
		CCE1FC701BC796030082E2B2 /* AppDelegate.m in Sources */ = {isa = PBXBuildFile; fileRef = CCE1FC6F1BC796030082E2B2 /* AppDelegate.m */; };
		CCE1FC731BC796030082E2B2 /* ViewController.m in Sources */ = {isa = PBXBuildFile; fileRef = CCE1FC721BC796030082E2B2 /* ViewController.m */; };
		CCE1FC761BC796030082E2B2 /* Main.storyboard in Resources */ = {isa = PBXBuildFile; fileRef = CCE1FC741BC796030082E2B2 /* Main.storyboard */; };
		CCE1FC781BC796030082E2B2 /* Images.xcassets in Resources */ = {isa = PBXBuildFile; fileRef = CCE1FC771BC796030082E2B2 /* Images.xcassets */; };
		CCE1FC7B1BC796030082E2B2 /* LaunchScreen.xib in Resources */ = {isa = PBXBuildFile; fileRef = CCE1FC791BC796030082E2B2 /* LaunchScreen.xib */; };
		CCE1FC871BC796040082E2B2 /* Jesse2048Tests.m in Sources */ = {isa = PBXBuildFile; fileRef = CCE1FC861BC796040082E2B2 /* Jesse2048Tests.m */; };
/* End PBXBuildFile section */

/* Begin PBXContainerItemProxy section */
		CCE1FC811BC796030082E2B2 /* PBXContainerItemProxy */ = {
			isa = PBXContainerItemProxy;
			containerPortal = CCE1FC5F1BC796030082E2B2 /* Project object */;
			proxyType = 1;
			remoteGlobalIDString = CCE1FC661BC796030082E2B2;
			remoteInfo = Jesse2048;
		};
/* End PBXContainerItemProxy section */

/* Begin PBXFileReference section */
		CC5BA8231BCA98C100E1E8D4 /* music.mp3 */ = {isa = PBXFileReference; lastKnownFileType = audio.mp3; path = music.mp3; sourceTree = "<group>"; };
		CC5BA8251BCA9A8900E1E8D4 /* speaker_off_32.png */ = {isa = PBXFileReference; lastKnownFileType = image.png; path = speaker_off_32.png; sourceTree = "<group>"; };
		CC5BA8261BCA9A8900E1E8D4 /* speaker_silent_32.png */ = {isa = PBXFileReference; lastKnownFileType = image.png; path = speaker_silent_32.png; sourceTree = "<group>"; };
		CCE1FC671BC796030082E2B2 /* Jesse2048.app */ = {isa = PBXFileReference; explicitFileType = wrapper.application; includeInIndex = 0; path = Jesse2048.app; sourceTree = BUILT_PRODUCTS_DIR; };
		CCE1FC6B1BC796030082E2B2 /* Info.plist */ = {isa = PBXFileReference; lastKnownFileType = text.plist.xml; path = Info.plist; sourceTree = "<group>"; };
		CCE1FC6C1BC796030082E2B2 /* main.m */ = {isa = PBXFileReference; lastKnownFileType = sourcecode.c.objc; path = main.m; sourceTree = "<group>"; };
		CCE1FC6E1BC796030082E2B2 /* AppDelegate.h */ = {isa = PBXFileReference; lastKnownFileType = sourcecode.c.h; path = AppDelegate.h; sourceTree = "<group>"; };
		CCE1FC6F1BC796030082E2B2 /* AppDelegate.m */ = {isa = PBXFileReference; lastKnownFileType = sourcecode.c.objc; path = AppDelegate.m; sourceTree = "<group>"; };
		CCE1FC711BC796030082E2B2 /* ViewController.h */ = {isa = PBXFileReference; lastKnownFileType = sourcecode.c.h; path = ViewController.h; sourceTree = "<group>"; };
		CCE1FC721BC796030082E2B2 /* ViewController.m */ = {isa = PBXFileReference; lastKnownFileType = sourcecode.c.objc; path = ViewController.m; sourceTree = "<group>"; };
		CCE1FC751BC796030082E2B2 /* Base */ = {isa = PBXFileReference; lastKnownFileType = file.storyboard; name = Base; path = Base.lproj/Main.storyboard; sourceTree = "<group>"; };
		CCE1FC771BC796030082E2B2 /* Images.xcassets */ = {isa = PBXFileReference; lastKnownFileType = folder.assetcatalog; path = Images.xcassets; sourceTree = "<group>"; };
		CCE1FC7A1BC796030082E2B2 /* Base */ = {isa = PBXFileReference; lastKnownFileType = file.xib; name = Base; path = Base.lproj/LaunchScreen.xib; sourceTree = "<group>"; };
		CCE1FC801BC796030082E2B2 /* Jesse2048Tests.xctest */ = {isa = PBXFileReference; explicitFileType = wrapper.cfbundle; includeInIndex = 0; path = Jesse2048Tests.xctest; sourceTree = BUILT_PRODUCTS_DIR; };
		CCE1FC851BC796040082E2B2 /* Info.plist */ = {isa = PBXFileReference; lastKnownFileType = text.plist.xml; path = Info.plist; sourceTree = "<group>"; };
		CCE1FC861BC796040082E2B2 /* Jesse2048Tests.m */ = {isa = PBXFileReference; lastKnownFileType = sourcecode.c.objc; path = Jesse2048Tests.m; sourceTree = "<group>"; };
/* End PBXFileReference section */

/* Begin PBXFrameworksBuildPhase section */
		CCE1FC641BC796030082E2B2 /* Frameworks */ = {
			isa = PBXFrameworksBuildPhase;
			buildActionMask = 2147483647;
			files = (
			);
			runOnlyForDeploymentPostprocessing = 0;
		};
		CCE1FC7D1BC796030082E2B2 /* Frameworks */ = {
			isa = PBXFrameworksBuildPhase;
			buildActionMask = 2147483647;
			files = (
			);
			runOnlyForDeploymentPostprocessing = 0;
		};
/* End PBXFrameworksBuildPhase section */

/* Begin PBXGroup section */
		CCE1FC5E1BC796030082E2B2 = {
			isa = PBXGroup;
			children = (
				CCE1FC691BC796030082E2B2 /* Jesse2048 */,
				CCE1FC831BC796030082E2B2 /* Jesse2048Tests */,
				CCE1FC681BC796030082E2B2 /* Products */,
			);
			sourceTree = "<group>";
		};
		CCE1FC681BC796030082E2B2 /* Products */ = {
			isa = PBXGroup;
			children = (
				CCE1FC671BC796030082E2B2 /* Jesse2048.app */,
				CCE1FC801BC796030082E2B2 /* Jesse2048Tests.xctest */,
			);
			name = Products;
			sourceTree = "<group>";
		};
		CCE1FC691BC796030082E2B2 /* Jesse2048 */ = {
			isa = PBXGroup;
			children = (
				CCE1FC6E1BC796030082E2B2 /* AppDelegate.h */,
				CCE1FC6F1BC796030082E2B2 /* AppDelegate.m */,
				CCE1FC711BC796030082E2B2 /* ViewController.h */,
				CCE1FC721BC796030082E2B2 /* ViewController.m */,
				CCE1FC741BC796030082E2B2 /* Main.storyboard */,
				CCE1FC771BC796030082E2B2 /* Images.xcassets */,
				CCE1FC791BC796030082E2B2 /* LaunchScreen.xib */,
				CCE1FC6A1BC796030082E2B2 /* Supporting Files */,
			);
			path = Jesse2048;
			sourceTree = "<group>";
		};
		CCE1FC6A1BC796030082E2B2 /* Supporting Files */ = {
			isa = PBXGroup;
			children = (
				CC5BA8251BCA9A8900E1E8D4 /* speaker_off_32.png */,
				CC5BA8261BCA9A8900E1E8D4 /* speaker_silent_32.png */,
				CC5BA8231BCA98C100E1E8D4 /* music.mp3 */,
				CCE1FC6B1BC796030082E2B2 /* Info.plist */,
				CCE1FC6C1BC796030082E2B2 /* main.m */,
			);
			name = "Supporting Files";
			sourceTree = "<group>";
		};
		CCE1FC831BC796030082E2B2 /* Jesse2048Tests */ = {
			isa = PBXGroup;
			children = (
				CCE1FC861BC796040082E2B2 /* Jesse2048Tests.m */,
				CCE1FC841BC796040082E2B2 /* Supporting Files */,
			);
			path = Jesse2048Tests;
			sourceTree = "<group>";
		};
		CCE1FC841BC796040082E2B2 /* Supporting Files */ = {
			isa = PBXGroup;
			children = (
				CCE1FC851BC796040082E2B2 /* Info.plist */,
			);
			name = "Supporting Files";
			sourceTree = "<group>";
		};
/* End PBXGroup section */

/* Begin PBXNativeTarget section */
		CCE1FC661BC796030082E2B2 /* Jesse2048 */ = {
			isa = PBXNativeTarget;
			buildConfigurationList = CCE1FC8A1BC796040082E2B2 /* Build configuration list for PBXNativeTarget "Jesse2048" */;
			buildPhases = (
				CCE1FC631BC796030082E2B2 /* Sources */,
				CCE1FC641BC796030082E2B2 /* Frameworks */,
				CCE1FC651BC796030082E2B2 /* Resources */,
			);
			buildRules = (
			);
			dependencies = (
			);
			name = Jesse2048;
			productName = Jesse2048;
			productReference = CCE1FC671BC796030082E2B2 /* Jesse2048.app */;
			productType = "com.apple.product-type.application";
		};
		CCE1FC7F1BC796030082E2B2 /* Jesse2048Tests */ = {
			isa = PBXNativeTarget;
			buildConfigurationList = CCE1FC8D1BC796040082E2B2 /* Build configuration list for PBXNativeTarget "Jesse2048Tests" */;
			buildPhases = (
				CCE1FC7C1BC796030082E2B2 /* Sources */,
				CCE1FC7D1BC796030082E2B2 /* Frameworks */,
				CCE1FC7E1BC796030082E2B2 /* Resources */,
			);
			buildRules = (
			);
			dependencies = (
				CCE1FC821BC796030082E2B2 /* PBXTargetDependency */,
			);
			name = Jesse2048Tests;
			productName = Jesse2048Tests;
			productReference = CCE1FC801BC796030082E2B2 /* Jesse2048Tests.xctest */;
			productType = "com.apple.product-type.bundle.unit-test";
		};
/* End PBXNativeTarget section */

/* Begin PBXProject section */
		CCE1FC5F1BC796030082E2B2 /* Project object */ = {
			isa = PBXProject;
			attributes = {
				LastUpgradeCheck = 0640;
				ORGANIZATIONNAME = hnqingyun;
				TargetAttributes = {
					CCE1FC661BC796030082E2B2 = {
						CreatedOnToolsVersion = 6.4;
					};
					CCE1FC7F1BC796030082E2B2 = {
						CreatedOnToolsVersion = 6.4;
						TestTargetID = CCE1FC661BC796030082E2B2;
					};
				};
			};
			buildConfigurationList = CCE1FC621BC796030082E2B2 /* Build configuration list for PBXProject "Jesse2048" */;
			compatibilityVersion = "Xcode 3.2";
			developmentRegion = English;
			hasScannedForEncodings = 0;
			knownRegions = (
				en,
				Base,
			);
			mainGroup = CCE1FC5E1BC796030082E2B2;
			productRefGroup = CCE1FC681BC796030082E2B2 /* Products */;
			projectDirPath = "";
			projectRoot = "";
			targets = (
				CCE1FC661BC796030082E2B2 /* Jesse2048 */,
				CCE1FC7F1BC796030082E2B2 /* Jesse2048Tests */,
			);
		};
/* End PBXProject section */

/* Begin PBXResourcesBuildPhase section */
		CCE1FC651BC796030082E2B2 /* Resources */ = {
			isa = PBXResourcesBuildPhase;
			buildActionMask = 2147483647;
			files = (
				CC5BA8241BCA98C100E1E8D4 /* music.mp3 in Resources */,
				CCE1FC761BC796030082E2B2 /* Main.storyboard in Resources */,
				CCE1FC7B1BC796030082E2B2 /* LaunchScreen.xib in Resources */,
				CC5BA8281BCA9A8900E1E8D4 /* speaker_silent_32.png in Resources */,
				CC5BA8271BCA9A8900E1E8D4 /* speaker_off_32.png in Resources */,
				CCE1FC781BC796030082E2B2 /* Images.xcassets in Resources */,
			);
			runOnlyForDeploymentPostprocessing = 0;
		};
		CCE1FC7E1BC796030082E2B2 /* Resources */ = {
			isa = PBXResourcesBuildPhase;
			buildActionMask = 2147483647;
			files = (
			);
			runOnlyForDeploymentPostprocessing = 0;
		};
/* End PBXResourcesBuildPhase section */

/* Begin PBXSourcesBuildPhase section */
		CCE1FC631BC796030082E2B2 /* Sources */ = {
			isa = PBXSourcesBuildPhase;
			buildActionMask = 2147483647;
			files = (
				CCE1FC731BC796030082E2B2 /* ViewController.m in Sources */,
				CCE1FC701BC796030082E2B2 /* AppDelegate.m in Sources */,
				CCE1FC6D1BC796030082E2B2 /* main.m in Sources */,
			);
			runOnlyForDeploymentPostprocessing = 0;
		};
		CCE1FC7C1BC796030082E2B2 /* Sources */ = {
			isa = PBXSourcesBuildPhase;
			buildActionMask = 2147483647;
			files = (
				CCE1FC871BC796040082E2B2 /* Jesse2048Tests.m in Sources */,
			);
			runOnlyForDeploymentPostprocessing = 0;
		};
/* End PBXSourcesBuildPhase section */

/* Begin PBXTargetDependency section */
		CCE1FC821BC796030082E2B2 /* PBXTargetDependency */ = {
			isa = PBXTargetDependency;
			target = CCE1FC661BC796030082E2B2 /* Jesse2048 */;
			targetProxy = CCE1FC811BC796030082E2B2 /* PBXContainerItemProxy */;
		};
/* End PBXTargetDependency section */

/* Begin PBXVariantGroup section */
		CCE1FC741BC796030082E2B2 /* Main.storyboard */ = {
			isa = PBXVariantGroup;
			children = (
				CCE1FC751BC796030082E2B2 /* Base */,
			);
			name = Main.storyboard;
			sourceTree = "<group>";
		};
		CCE1FC791BC796030082E2B2 /* LaunchScreen.xib */ = {
			isa = PBXVariantGroup;
			children = (
				CCE1FC7A1BC796030082E2B2 /* Base */,
			);
			name = LaunchScreen.xib;
			sourceTree = "<group>";
		};
/* End PBXVariantGroup section */

/* Begin XCBuildConfiguration section */
		CCE1FC881BC796040082E2B2 /* Debug */ = {
			isa = XCBuildConfiguration;
			buildSettings = {
				ALWAYS_SEARCH_USER_PATHS = NO;
				CLANG_CXX_LANGUAGE_STANDARD = "gnu++0x";
				CLANG_CXX_LIBRARY = "libc++";
				CLANG_ENABLE_MODULES = YES;
				CLANG_ENABLE_OBJC_ARC = YES;
				CLANG_WARN_BOOL_CONVERSION = YES;
				CLANG_WARN_CONSTANT_CONVERSION = YES;
				CLANG_WARN_DIRECT_OBJC_ISA_USAGE = YES_ERROR;
				CLANG_WARN_EMPTY_BODY = YES;
				CLANG_WARN_ENUM_CONVERSION = YES;
				CLANG_WARN_INT_CONVERSION = YES;
				CLANG_WARN_OBJC_ROOT_CLASS = YES_ERROR;
				CLANG_WARN_UNREACHABLE_CODE = YES;
				CLANG_WARN__DUPLICATE_METHOD_MATCH = YES;
				"CODE_SIGN_IDENTITY[sdk=iphoneos*]" = "iPhone Developer";
				COPY_PHASE_STRIP = NO;
				DEBUG_INFORMATION_FORMAT = "dwarf-with-dsym";
				ENABLE_STRICT_OBJC_MSGSEND = YES;
				GCC_C_LANGUAGE_STANDARD = gnu99;
				GCC_DYNAMIC_NO_PIC = NO;
				GCC_NO_COMMON_BLOCKS = YES;
				GCC_OPTIMIZATION_LEVEL = 0;
				GCC_PREPROCESSOR_DEFINITIONS = (
					"DEBUG=1",
					"$(inherited)",
				);
				GCC_SYMBOLS_PRIVATE_EXTERN = NO;
				GCC_WARN_64_TO_32_BIT_CONVERSION = YES;
				GCC_WARN_ABOUT_RETURN_TYPE = YES_ERROR;
				GCC_WARN_UNDECLARED_SELECTOR = YES;
				GCC_WARN_UNINITIALIZED_AUTOS = YES_AGGRESSIVE;
				GCC_WARN_UNUSED_FUNCTION = YES;
				GCC_WARN_UNUSED_VARIABLE = YES;
				IPHONEOS_DEPLOYMENT_TARGET = 8.4;
				MTL_ENABLE_DEBUG_INFO = YES;
				ONLY_ACTIVE_ARCH = YES;
				SDKROOT = iphoneos;
			};
			name = Debug;
		};
		CCE1FC891BC796040082E2B2 /* Release */ = {
			isa = XCBuildConfiguration;
			buildSettings = {
				ALWAYS_SEARCH_USER_PATHS = NO;
				CLANG_CXX_LANGUAGE_STANDARD = "gnu++0x";
				CLANG_CXX_LIBRARY = "libc++";
				CLANG_ENABLE_MODULES = YES;
				CLANG_ENABLE_OBJC_ARC = YES;
				CLANG_WARN_BOOL_CONVERSION = YES;
				CLANG_WARN_CONSTANT_CONVERSION = YES;
				CLANG_WARN_DIRECT_OBJC_ISA_USAGE = YES_ERROR;
				CLANG_WARN_EMPTY_BODY = YES;
				CLANG_WARN_ENUM_CONVERSION = YES;
				CLANG_WARN_INT_CONVERSION = YES;
				CLANG_WARN_OBJC_ROOT_CLASS = YES_ERROR;
				CLANG_WARN_UNREACHABLE_CODE = YES;
				CLANG_WARN__DUPLICATE_METHOD_MATCH = YES;
				"CODE_SIGN_IDENTITY[sdk=iphoneos*]" = "iPhone Developer";
				COPY_PHASE_STRIP = NO;
				DEBUG_INFORMATION_FORMAT = "dwarf-with-dsym";
				ENABLE_NS_ASSERTIONS = NO;
				ENABLE_STRICT_OBJC_MSGSEND = YES;
				GCC_C_LANGUAGE_STANDARD = gnu99;
				GCC_NO_COMMON_BLOCKS = YES;
				GCC_WARN_64_TO_32_BIT_CONVERSION = YES;
				GCC_WARN_ABOUT_RETURN_TYPE = YES_ERROR;
				GCC_WARN_UNDECLARED_SELECTOR = YES;
				GCC_WARN_UNINITIALIZED_AUTOS = YES_AGGRESSIVE;
				GCC_WARN_UNUSED_FUNCTION = YES;
				GCC_WARN_UNUSED_VARIABLE = YES;
				IPHONEOS_DEPLOYMENT_TARGET = 8.4;
				MTL_ENABLE_DEBUG_INFO = NO;
				SDKROOT = iphoneos;
				VALIDATE_PRODUCT = YES;
			};
			name = Release;
		};
		CCE1FC8B1BC796040082E2B2 /* Debug */ = {
			isa = XCBuildConfiguration;
			buildSettings = {
				ASSETCATALOG_COMPILER_APPICON_NAME = AppIcon;
				INFOPLIST_FILE = Jesse2048/Info.plist;
				LD_RUNPATH_SEARCH_PATHS = "$(inherited) @executable_path/Frameworks";
				PRODUCT_NAME = "$(TARGET_NAME)";
			};
			name = Debug;
		};
		CCE1FC8C1BC796040082E2B2 /* Release */ = {
			isa = XCBuildConfiguration;
			buildSettings = {
				ASSETCATALOG_COMPILER_APPICON_NAME = AppIcon;
				INFOPLIST_FILE = Jesse2048/Info.plist;
				LD_RUNPATH_SEARCH_PATHS = "$(inherited) @executable_path/Frameworks";
				PRODUCT_NAME = "$(TARGET_NAME)";
			};
			name = Release;
		};
		CCE1FC8E1BC796040082E2B2 /* Debug */ = {
			isa = XCBuildConfiguration;
			buildSettings = {
				BUNDLE_LOADER = "$(TEST_HOST)";
				FRAMEWORK_SEARCH_PATHS = (
					"$(SDKROOT)/Developer/Library/Frameworks",
					"$(inherited)",
				);
				GCC_PREPROCESSOR_DEFINITIONS = (
					"DEBUG=1",
					"$(inherited)",
				);
				INFOPLIST_FILE = Jesse2048Tests/Info.plist;
				LD_RUNPATH_SEARCH_PATHS = "$(inherited) @executable_path/Frameworks @loader_path/Frameworks";
				PRODUCT_NAME = "$(TARGET_NAME)";
				TEST_HOST = "$(BUILT_PRODUCTS_DIR)/Jesse2048.app/Jesse2048";
			};
			name = Debug;
		};
		CCE1FC8F1BC796040082E2B2 /* Release */ = {
			isa = XCBuildConfiguration;
			buildSettings = {
				BUNDLE_LOADER = "$(TEST_HOST)";
				FRAMEWORK_SEARCH_PATHS = (
					"$(SDKROOT)/Developer/Library/Frameworks",
					"$(inherited)",
				);
				INFOPLIST_FILE = Jesse2048Tests/Info.plist;
				LD_RUNPATH_SEARCH_PATHS = "$(inherited) @executable_path/Frameworks @loader_path/Frameworks";
				PRODUCT_NAME = "$(TARGET_NAME)";
				TEST_HOST = "$(BUILT_PRODUCTS_DIR)/Jesse2048.app/Jesse2048";
			};
			name = Release;
		};
/* End XCBuildConfiguration section */

/* Begin XCConfigurationList section */
		CCE1FC621BC796030082E2B2 /* Build configuration list for PBXProject "Jesse2048" */ = {
			isa = XCConfigurationList;
			buildConfigurations = (
				CCE1FC881BC796040082E2B2 /* Debug */,
				CCE1FC891BC796040082E2B2 /* Release */,
			);
			defaultConfigurationIsVisible = 0;
			defaultConfigurationName = Release;
		};
		CCE1FC8A1BC796040082E2B2 /* Build configuration list for PBXNativeTarget "Jesse2048" */ = {
			isa = XCConfigurationList;
			buildConfigurations = (
				CCE1FC8B1BC796040082E2B2 /* Debug */,
				CCE1FC8C1BC796040082E2B2 /* Release */,
			);
			defaultConfigurationIsVisible = 0;
			defaultConfigurationName = Release;
		};
		CCE1FC8D1BC796040082E2B2 /* Build configuration list for PBXNativeTarget "Jesse2048Tests" */ = {
			isa = XCConfigurationList;
			buildConfigurations = (
				CCE1FC8E1BC796040082E2B2 /* Debug */,
				CCE1FC8F1BC796040082E2B2 /* Release */,
			);
			defaultConfigurationIsVisible = 0;
			defaultConfigurationName = Release;
		};
/* End XCConfigurationList section */
	};
	rootObject = CCE1FC5F1BC796030082E2B2 /* Project object */;
}
